// !$*UTF8*$!
{
	archiveVersion = 1;
	classes = {
	};
	objectVersion = 56;
	objects = {

/* Begin PBXBuildFile section */
		6D81DDF22B5CAF6400F21823 /* AppDelegate.swift in Sources */ = {isa = PBXBuildFile; fileRef = 6D81DDF12B5CAF6400F21823 /* AppDelegate.swift */; };
		6D81DDF42B5CAF6400F21823 /* SceneDelegate.swift in Sources */ = {isa = PBXBuildFile; fileRef = 6D81DDF32B5CAF6400F21823 /* SceneDelegate.swift */; };
		6D81DDF62B5CAF6400F21823 /* ViewController.swift in Sources */ = {isa = PBXBuildFile; fileRef = 6D81DDF52B5CAF6400F21823 /* ViewController.swift */; };
		6D81DDF92B5CAF6400F21823 /* Main.storyboard in Resources */ = {isa = PBXBuildFile; fileRef = 6D81DDF72B5CAF6400F21823 /* Main.storyboard */; };
		6D81DDFB2B5CAF6400F21823 /* Assets.xcassets in Resources */ = {isa = PBXBuildFile; fileRef = 6D81DDFA2B5CAF6400F21823 /* Assets.xcassets */; };
		6D81DDFE2B5CAF6400F21823 /* LaunchScreen.storyboard in Resources */ = {isa = PBXBuildFile; fileRef = 6D81DDFC2B5CAF6400F21823 /* LaunchScreen.storyboard */; };
		6D81DE092B5CAF6500F21823 /* CounterTests.swift in Sources */ = {isa = PBXBuildFile; fileRef = 6D81DE082B5CAF6500F21823 /* CounterTests.swift */; };
		6D81DE132B5CAF6500F21823 /* CounterUITests.swift in Sources */ = {isa = PBXBuildFile; fileRef = 6D81DE122B5CAF6500F21823 /* CounterUITests.swift */; };
		6D81DE152B5CAF6500F21823 /* CounterUITestsLaunchTests.swift in Sources */ = {isa = PBXBuildFile; fileRef = 6D81DE142B5CAF6500F21823 /* CounterUITestsLaunchTests.swift */; };
/* End PBXBuildFile section */

/* Begin PBXContainerItemProxy section */
		6D81DE052B5CAF6500F21823 /* PBXContainerItemProxy */ = {
			isa = PBXContainerItemProxy;
			containerPortal = 6D81DDE62B5CAF6300F21823 /* Project object */;
			proxyType = 1;
			remoteGlobalIDString = 6D81DDED2B5CAF6400F21823;
			remoteInfo = Counter;
		};
		6D81DE0F2B5CAF6500F21823 /* PBXContainerItemProxy */ = {
			isa = PBXContainerItemProxy;
			containerPortal = 6D81DDE62B5CAF6300F21823 /* Project object */;
			proxyType = 1;
			remoteGlobalIDString = 6D81DDED2B5CAF6400F21823;
			remoteInfo = Counter;
		};
/* End PBXContainerItemProxy section */

/* Begin PBXFileReference section */
		6D81DDEE2B5CAF6400F21823 /* Counter.app */ = {isa = PBXFileReference; explicitFileType = wrapper.application; includeInIndex = 0; path = Counter.app; sourceTree = BUILT_PRODUCTS_DIR; };
		6D81DDF12B5CAF6400F21823 /* AppDelegate.swift */ = {isa = PBXFileReference; lastKnownFileType = sourcecode.swift; path = AppDelegate.swift; sourceTree = "<group>"; };
		6D81DDF32B5CAF6400F21823 /* SceneDelegate.swift */ = {isa = PBXFileReference; lastKnownFileType = sourcecode.swift; path = SceneDelegate.swift; sourceTree = "<group>"; };
		6D81DDF52B5CAF6400F21823 /* ViewController.swift */ = {isa = PBXFileReference; lastKnownFileType = sourcecode.swift; path = ViewController.swift; sourceTree = "<group>"; };
		6D81DDF82B5CAF6400F21823 /* Base */ = {isa = PBXFileReference; lastKnownFileType = file.storyboard; name = Base; path = Base.lproj/Main.storyboard; sourceTree = "<group>"; };
		6D81DDFA2B5CAF6400F21823 /* Assets.xcassets */ = {isa = PBXFileReference; lastKnownFileType = folder.assetcatalog; path = Assets.xcassets; sourceTree = "<group>"; };
		6D81DDFD2B5CAF6400F21823 /* Base */ = {isa = PBXFileReference; lastKnownFileType = file.storyboard; name = Base; path = Base.lproj/LaunchScreen.storyboard; sourceTree = "<group>"; };
		6D81DDFF2B5CAF6400F21823 /* Info.plist */ = {isa = PBXFileReference; lastKnownFileType = text.plist.xml; path = Info.plist; sourceTree = "<group>"; };
		6D81DE042B5CAF6500F21823 /* CounterTests.xctest */ = {isa = PBXFileReference; explicitFileType = wrapper.cfbundle; includeInIndex = 0; path = CounterTests.xctest; sourceTree = BUILT_PRODUCTS_DIR; };
		6D81DE082B5CAF6500F21823 /* CounterTests.swift */ = {isa = PBXFileReference; lastKnownFileType = sourcecode.swift; path = CounterTests.swift; sourceTree = "<group>"; };
		6D81DE0E2B5CAF6500F21823 /* CounterUITests.xctest */ = {isa = PBXFileReference; explicitFileType = wrapper.cfbundle; includeInIndex = 0; path = CounterUITests.xctest; sourceTree = BUILT_PRODUCTS_DIR; };
		6D81DE122B5CAF6500F21823 /* CounterUITests.swift */ = {isa = PBXFileReference; lastKnownFileType = sourcecode.swift; path = CounterUITests.swift; sourceTree = "<group>"; };
		6D81DE142B5CAF6500F21823 /* CounterUITestsLaunchTests.swift */ = {isa = PBXFileReference; lastKnownFileType = sourcecode.swift; path = CounterUITestsLaunchTests.swift; sourceTree = "<group>"; };
/* End PBXFileReference section */

/* Begin PBXFrameworksBuildPhase section */
		6D81DDEB2B5CAF6400F21823 /* Frameworks */ = {
			isa = PBXFrameworksBuildPhase;
			buildActionMask = 2147483647;
			files = (
			);
			runOnlyForDeploymentPostprocessing = 0;
		};
		6D81DE012B5CAF6500F21823 /* Frameworks */ = {
			isa = PBXFrameworksBuildPhase;
			buildActionMask = 2147483647;
			files = (
			);
			runOnlyForDeploymentPostprocessing = 0;
		};
		6D81DE0B2B5CAF6500F21823 /* Frameworks */ = {
			isa = PBXFrameworksBuildPhase;
			buildActionMask = 2147483647;
			files = (
			);
			runOnlyForDeploymentPostprocessing = 0;
		};
/* End PBXFrameworksBuildPhase section */

/* Begin PBXGroup section */
		6D81DDE52B5CAF6300F21823 = {
			isa = PBXGroup;
			children = (
				6D81DDF02B5CAF6400F21823 /* Counter */,
				6D81DE072B5CAF6500F21823 /* CounterTests */,
				6D81DE112B5CAF6500F21823 /* CounterUITests */,
				6D81DDEF2B5CAF6400F21823 /* Products */,
			);
			sourceTree = "<group>";
		};
		6D81DDEF2B5CAF6400F21823 /* Products */ = {
			isa = PBXGroup;
			children = (
				6D81DDEE2B5CAF6400F21823 /* Counter.app */,
				6D81DE042B5CAF6500F21823 /* CounterTests.xctest */,
				6D81DE0E2B5CAF6500F21823 /* CounterUITests.xctest */,
			);
			name = Products;
			sourceTree = "<group>";
		};
		6D81DDF02B5CAF6400F21823 /* Counter */ = {
			isa = PBXGroup;
			children = (
				6D81DDF12B5CAF6400F21823 /* AppDelegate.swift */,
				6D81DDF32B5CAF6400F21823 /* SceneDelegate.swift */,
				6D81DDF52B5CAF6400F21823 /* ViewController.swift */,
				6D81DDF72B5CAF6400F21823 /* Main.storyboard */,
				6D81DDFA2B5CAF6400F21823 /* Assets.xcassets */,
				6D81DDFC2B5CAF6400F21823 /* LaunchScreen.storyboard */,
				6D81DDFF2B5CAF6400F21823 /* Info.plist */,
			);
			path = Counter;
			sourceTree = "<group>";
		};
		6D81DE072B5CAF6500F21823 /* CounterTests */ = {
			isa = PBXGroup;
			children = (
				6D81DE082B5CAF6500F21823 /* CounterTests.swift */,
			);
			path = CounterTests;
			sourceTree = "<group>";
		};
		6D81DE112B5CAF6500F21823 /* CounterUITests */ = {
			isa = PBXGroup;
			children = (
				6D81DE122B5CAF6500F21823 /* CounterUITests.swift */,
				6D81DE142B5CAF6500F21823 /* CounterUITestsLaunchTests.swift */,
			);
			path = CounterUITests;
			sourceTree = "<group>";
		};
/* End PBXGroup section */

/* Begin PBXNativeTarget section */
		6D81DDED2B5CAF6400F21823 /* Counter */ = {
			isa = PBXNativeTarget;
			buildConfigurationList = 6D81DE182B5CAF6500F21823 /* Build configuration list for PBXNativeTarget "Counter" */;
			buildPhases = (
				6D81DDEA2B5CAF6400F21823 /* Sources */,
				6D81DDEB2B5CAF6400F21823 /* Frameworks */,
				6D81DDEC2B5CAF6400F21823 /* Resources */,
			);
			buildRules = (
			);
			dependencies = (
			);
			name = Counter;
			productName = Counter;
			productReference = 6D81DDEE2B5CAF6400F21823 /* Counter.app */;
			productType = "com.apple.product-type.application";
		};
		6D81DE032B5CAF6500F21823 /* CounterTests */ = {
			isa = PBXNativeTarget;
			buildConfigurationList = 6D81DE1B2B5CAF6500F21823 /* Build configuration list for PBXNativeTarget "CounterTests" */;
			buildPhases = (
				6D81DE002B5CAF6500F21823 /* Sources */,
				6D81DE012B5CAF6500F21823 /* Frameworks */,
				6D81DE022B5CAF6500F21823 /* Resources */,
			);
			buildRules = (
			);
			dependencies = (
				6D81DE062B5CAF6500F21823 /* PBXTargetDependency */,
			);
			name = CounterTests;
			productName = CounterTests;
			productReference = 6D81DE042B5CAF6500F21823 /* CounterTests.xctest */;
			productType = "com.apple.product-type.bundle.unit-test";
		};
		6D81DE0D2B5CAF6500F21823 /* CounterUITests */ = {
			isa = PBXNativeTarget;
			buildConfigurationList = 6D81DE1E2B5CAF6500F21823 /* Build configuration list for PBXNativeTarget "CounterUITests" */;
			buildPhases = (
				6D81DE0A2B5CAF6500F21823 /* Sources */,
				6D81DE0B2B5CAF6500F21823 /* Frameworks */,
				6D81DE0C2B5CAF6500F21823 /* Resources */,
			);
			buildRules = (
			);
			dependencies = (
				6D81DE102B5CAF6500F21823 /* PBXTargetDependency */,
			);
			name = CounterUITests;
			productName = CounterUITests;
			productReference = 6D81DE0E2B5CAF6500F21823 /* CounterUITests.xctest */;
			productType = "com.apple.product-type.bundle.ui-testing";
		};
/* End PBXNativeTarget section */

/* Begin PBXProject section */
		6D81DDE62B5CAF6300F21823 /* Project object */ = {
			isa = PBXProject;
			attributes = {
				BuildIndependentTargetsInParallel = 1;
				LastSwiftUpdateCheck = 1500;
				LastUpgradeCheck = 1500;
				TargetAttributes = {
					6D81DDED2B5CAF6400F21823 = {
						CreatedOnToolsVersion = 15.0.1;
					};
					6D81DE032B5CAF6500F21823 = {
						CreatedOnToolsVersion = 15.0.1;
						TestTargetID = 6D81DDED2B5CAF6400F21823;
					};
					6D81DE0D2B5CAF6500F21823 = {
						CreatedOnToolsVersion = 15.0.1;
						TestTargetID = 6D81DDED2B5CAF6400F21823;
					};
				};
			};
			buildConfigurationList = 6D81DDE92B5CAF6300F21823 /* Build configuration list for PBXProject "Counter" */;
			compatibilityVersion = "Xcode 14.0";
			developmentRegion = en;
			hasScannedForEncodings = 0;
			knownRegions = (
				en,
				Base,
			);
			mainGroup = 6D81DDE52B5CAF6300F21823;
			productRefGroup = 6D81DDEF2B5CAF6400F21823 /* Products */;
			projectDirPath = "";
			projectRoot = "";
			targets = (
				6D81DDED2B5CAF6400F21823 /* Counter */,
				6D81DE032B5CAF6500F21823 /* CounterTests */,
				6D81DE0D2B5CAF6500F21823 /* CounterUITests */,
			);
		};
/* End PBXProject section */

/* Begin PBXResourcesBuildPhase section */
		6D81DDEC2B5CAF6400F21823 /* Resources */ = {
			isa = PBXResourcesBuildPhase;
			buildActionMask = 2147483647;
			files = (
				6D81DDFE2B5CAF6400F21823 /* LaunchScreen.storyboard in Resources */,
				6D81DDFB2B5CAF6400F21823 /* Assets.xcassets in Resources */,
				6D81DDF92B5CAF6400F21823 /* Main.storyboard in Resources */,
			);
			runOnlyForDeploymentPostprocessing = 0;
		};
		6D81DE022B5CAF6500F21823 /* Resources */ = {
			isa = PBXResourcesBuildPhase;
			buildActionMask = 2147483647;
			files = (
			);
			runOnlyForDeploymentPostprocessing = 0;
		};
		6D81DE0C2B5CAF6500F21823 /* Resources */ = {
			isa = PBXResourcesBuildPhase;
			buildActionMask = 2147483647;
			files = (
			);
			runOnlyForDeploymentPostprocessing = 0;
		};
/* End PBXResourcesBuildPhase section */

/* Begin PBXSourcesBuildPhase section */
		6D81DDEA2B5CAF6400F21823 /* Sources */ = {
			isa = PBXSourcesBuildPhase;
			buildActionMask = 2147483647;
			files = (
				6D81DDF62B5CAF6400F21823 /* ViewController.swift in Sources */,
				6D81DDF22B5CAF6400F21823 /* AppDelegate.swift in Sources */,
				6D81DDF42B5CAF6400F21823 /* SceneDelegate.swift in Sources */,
			);
			runOnlyForDeploymentPostprocessing = 0;
		};
		6D81DE002B5CAF6500F21823 /* Sources */ = {
			isa = PBXSourcesBuildPhase;
			buildActionMask = 2147483647;
			files = (
				6D81DE092B5CAF6500F21823 /* CounterTests.swift in Sources */,
			);
			runOnlyForDeploymentPostprocessing = 0;
		};
		6D81DE0A2B5CAF6500F21823 /* Sources */ = {
			isa = PBXSourcesBuildPhase;
			buildActionMask = 2147483647;
			files = (
				6D81DE132B5CAF6500F21823 /* CounterUITests.swift in Sources */,
				6D81DE152B5CAF6500F21823 /* CounterUITestsLaunchTests.swift in Sources */,
			);
			runOnlyForDeploymentPostprocessing = 0;
		};
/* End PBXSourcesBuildPhase section */

/* Begin PBXTargetDependency section */
		6D81DE062B5CAF6500F21823 /* PBXTargetDependency */ = {
			isa = PBXTargetDependency;
			target = 6D81DDED2B5CAF6400F21823 /* Counter */;
			targetProxy = 6D81DE052B5CAF6500F21823 /* PBXContainerItemProxy */;
		};
		6D81DE102B5CAF6500F21823 /* PBXTargetDependency */ = {
			isa = PBXTargetDependency;
			target = 6D81DDED2B5CAF6400F21823 /* Counter */;
			targetProxy = 6D81DE0F2B5CAF6500F21823 /* PBXContainerItemProxy */;
		};
/* End PBXTargetDependency section */

/* Begin PBXVariantGroup section */
		6D81DDF72B5CAF6400F21823 /* Main.storyboard */ = {
			isa = PBXVariantGroup;
			children = (
				6D81DDF82B5CAF6400F21823 /* Base */,
			);
			name = Main.storyboard;
			sourceTree = "<group>";
		};
		6D81DDFC2B5CAF6400F21823 /* LaunchScreen.storyboard */ = {
			isa = PBXVariantGroup;
			children = (
				6D81DDFD2B5CAF6400F21823 /* Base */,
			);
			name = LaunchScreen.storyboard;
			sourceTree = "<group>";
		};
/* End PBXVariantGroup section */

/* Begin XCBuildConfiguration section */
		6D81DE162B5CAF6500F21823 /* Debug */ = {
			isa = XCBuildConfiguration;
			buildSettings = {
				ALWAYS_SEARCH_USER_PATHS = NO;
				ASSETCATALOG_COMPILER_GENERATE_SWIFT_ASSET_SYMBOL_EXTENSIONS = YES;
				CLANG_ANALYZER_NONNULL = YES;
				CLANG_ANALYZER_NUMBER_OBJECT_CONVERSION = YES_AGGRESSIVE;
				CLANG_CXX_LANGUAGE_STANDARD = "gnu++20";
				CLANG_ENABLE_MODULES = YES;
				CLANG_ENABLE_OBJC_ARC = YES;
				CLANG_ENABLE_OBJC_WEAK = YES;
				CLANG_WARN_BLOCK_CAPTURE_AUTORELEASING = YES;
				CLANG_WARN_BOOL_CONVERSION = YES;
				CLANG_WARN_COMMA = YES;
				CLANG_WARN_CONSTANT_CONVERSION = YES;
				CLANG_WARN_DEPRECATED_OBJC_IMPLEMENTATIONS = YES;
				CLANG_WARN_DIRECT_OBJC_ISA_USAGE = YES_ERROR;
				CLANG_WARN_DOCUMENTATION_COMMENTS = YES;
				CLANG_WARN_EMPTY_BODY = YES;
				CLANG_WARN_ENUM_CONVERSION = YES;
				CLANG_WARN_INFINITE_RECURSION = YES;
				CLANG_WARN_INT_CONVERSION = YES;
				CLANG_WARN_NON_LITERAL_NULL_CONVERSION = YES;
				CLANG_WARN_OBJC_IMPLICIT_RETAIN_SELF = YES;
				CLANG_WARN_OBJC_LITERAL_CONVERSION = YES;
				CLANG_WARN_OBJC_ROOT_CLASS = YES_ERROR;
				CLANG_WARN_QUOTED_INCLUDE_IN_FRAMEWORK_HEADER = YES;
				CLANG_WARN_RANGE_LOOP_ANALYSIS = YES;
				CLANG_WARN_STRICT_PROTOTYPES = YES;
				CLANG_WARN_SUSPICIOUS_MOVE = YES;
				CLANG_WARN_UNGUARDED_AVAILABILITY = YES_AGGRESSIVE;
				CLANG_WARN_UNREACHABLE_CODE = YES;
				CLANG_WARN__DUPLICATE_METHOD_MATCH = YES;
				COPY_PHASE_STRIP = NO;
				DEBUG_INFORMATION_FORMAT = dwarf;
				ENABLE_STRICT_OBJC_MSGSEND = YES;
				ENABLE_TESTABILITY = YES;
				ENABLE_USER_SCRIPT_SANDBOXING = YES;
				GCC_C_LANGUAGE_STANDARD = gnu17;
				GCC_DYNAMIC_NO_PIC = NO;
				GCC_NO_COMMON_BLOCKS = YES;
				GCC_OPTIMIZATION_LEVEL = 0;
				GCC_PREPROCESSOR_DEFINITIONS = (
					"DEBUG=1",
					"$(inherited)",
				);
				GCC_WARN_64_TO_32_BIT_CONVERSION = YES;
				GCC_WARN_ABOUT_RETURN_TYPE = YES_ERROR;
				GCC_WARN_UNDECLARED_SELECTOR = YES;
				GCC_WARN_UNINITIALIZED_AUTOS = YES_AGGRESSIVE;
				GCC_WARN_UNUSED_FUNCTION = YES;
				GCC_WARN_UNUSED_VARIABLE = YES;
				IPHONEOS_DEPLOYMENT_TARGET = 17.0;
				LOCALIZATION_PREFERS_STRING_CATALOGS = YES;
				MTL_ENABLE_DEBUG_INFO = INCLUDE_SOURCE;
				MTL_FAST_MATH = YES;
				ONLY_ACTIVE_ARCH = YES;
				SDKROOT = iphoneos;
				SWIFT_ACTIVE_COMPILATION_CONDITIONS = "DEBUG $(inherited)";
				SWIFT_OPTIMIZATION_LEVEL = "-Onone";
			};
			name = Debug;
		};
		6D81DE172B5CAF6500F21823 /* Release */ = {
			isa = XCBuildConfiguration;
			buildSettings = {
				ALWAYS_SEARCH_USER_PATHS = NO;
				ASSETCATALOG_COMPILER_GENERATE_SWIFT_ASSET_SYMBOL_EXTENSIONS = YES;
				CLANG_ANALYZER_NONNULL = YES;
				CLANG_ANALYZER_NUMBER_OBJECT_CONVERSION = YES_AGGRESSIVE;
				CLANG_CXX_LANGUAGE_STANDARD = "gnu++20";
				CLANG_ENABLE_MODULES = YES;
				CLANG_ENABLE_OBJC_ARC = YES;
				CLANG_ENABLE_OBJC_WEAK = YES;
				CLANG_WARN_BLOCK_CAPTURE_AUTORELEASING = YES;
				CLANG_WARN_BOOL_CONVERSION = YES;
				CLANG_WARN_COMMA = YES;
				CLANG_WARN_CONSTANT_CONVERSION = YES;
				CLANG_WARN_DEPRECATED_OBJC_IMPLEMENTATIONS = YES;
				CLANG_WARN_DIRECT_OBJC_ISA_USAGE = YES_ERROR;
				CLANG_WARN_DOCUMENTATION_COMMENTS = YES;
				CLANG_WARN_EMPTY_BODY = YES;
				CLANG_WARN_ENUM_CONVERSION = YES;
				CLANG_WARN_INFINITE_RECURSION = YES;
				CLANG_WARN_INT_CONVERSION = YES;
				CLANG_WARN_NON_LITERAL_NULL_CONVERSION = YES;
				CLANG_WARN_OBJC_IMPLICIT_RETAIN_SELF = YES;
				CLANG_WARN_OBJC_LITERAL_CONVERSION = YES;
				CLANG_WARN_OBJC_ROOT_CLASS = YES_ERROR;
				CLANG_WARN_QUOTED_INCLUDE_IN_FRAMEWORK_HEADER = YES;
				CLANG_WARN_RANGE_LOOP_ANALYSIS = YES;
				CLANG_WARN_STRICT_PROTOTYPES = YES;
				CLANG_WARN_SUSPICIOUS_MOVE = YES;
				CLANG_WARN_UNGUARDED_AVAILABILITY = YES_AGGRESSIVE;
				CLANG_WARN_UNREACHABLE_CODE = YES;
				CLANG_WARN__DUPLICATE_METHOD_MATCH = YES;
				COPY_PHASE_STRIP = NO;
				DEBUG_INFORMATION_FORMAT = "dwarf-with-dsym";
				ENABLE_NS_ASSERTIONS = NO;
				ENABLE_STRICT_OBJC_MSGSEND = YES;
				ENABLE_USER_SCRIPT_SANDBOXING = YES;
				GCC_C_LANGUAGE_STANDARD = gnu17;
				GCC_NO_COMMON_BLOCKS = YES;
				GCC_WARN_64_TO_32_BIT_CONVERSION = YES;
				GCC_WARN_ABOUT_RETURN_TYPE = YES_ERROR;
				GCC_WARN_UNDECLARED_SELECTOR = YES;
				GCC_WARN_UNINITIALIZED_AUTOS = YES_AGGRESSIVE;
				GCC_WARN_UNUSED_FUNCTION = YES;
				GCC_WARN_UNUSED_VARIABLE = YES;
				IPHONEOS_DEPLOYMENT_TARGET = 17.0;
				LOCALIZATION_PREFERS_STRING_CATALOGS = YES;
				MTL_ENABLE_DEBUG_INFO = NO;
				MTL_FAST_MATH = YES;
				SDKROOT = iphoneos;
				SWIFT_COMPILATION_MODE = wholemodule;
				VALIDATE_PRODUCT = YES;
			};
			name = Release;
		};
		6D81DE192B5CAF6500F21823 /* Debug */ = {
			isa = XCBuildConfiguration;
			buildSettings = {
				ASSETCATALOG_COMPILER_APPICON_NAME = AppIcon;
				ASSETCATALOG_COMPILER_GLOBAL_ACCENT_COLOR_NAME = AccentColor;
				CODE_SIGN_STYLE = Automatic;
				CURRENT_PROJECT_VERSION = 1;
				GENERATE_INFOPLIST_FILE = YES;
				INFOPLIST_FILE = Counter/Info.plist;
				INFOPLIST_KEY_UIApplicationSupportsIndirectInputEvents = YES;
				INFOPLIST_KEY_UILaunchStoryboardName = LaunchScreen;
				INFOPLIST_KEY_UIMainStoryboardFile = Main;
				INFOPLIST_KEY_UISupportedInterfaceOrientations_iPad = "UIInterfaceOrientationPortrait UIInterfaceOrientationPortraitUpsideDown UIInterfaceOrientationLandscapeLeft UIInterfaceOrientationLandscapeRight";
				INFOPLIST_KEY_UISupportedInterfaceOrientations_iPhone = "UIInterfaceOrientationPortrait UIInterfaceOrientationLandscapeLeft UIInterfaceOrientationLandscapeRight";
				LD_RUNPATH_SEARCH_PATHS = (
					"$(inherited)",
					"@executable_path/Frameworks",
				);
				MARKETING_VERSION = 1.0;
				PRODUCT_BUNDLE_IDENTIFIER = com.tests.Counter;
				PRODUCT_NAME = "$(TARGET_NAME)";
				SWIFT_EMIT_LOC_STRINGS = YES;
				SWIFT_VERSION = 5.0;
				TARGETED_DEVICE_FAMILY = "1,2";
			};
			name = Debug;
		};
		6D81DE1A2B5CAF6500F21823 /* Release */ = {
			isa = XCBuildConfiguration;
			buildSettings = {
				ASSETCATALOG_COMPILER_APPICON_NAME = AppIcon;
				ASSETCATALOG_COMPILER_GLOBAL_ACCENT_COLOR_NAME = AccentColor;
				CODE_SIGN_STYLE = Automatic;
				CURRENT_PROJECT_VERSION = 1;
				GENERATE_INFOPLIST_FILE = YES;
				INFOPLIST_FILE = Counter/Info.plist;
				INFOPLIST_KEY_UIApplicationSupportsIndirectInputEvents = YES;
				INFOPLIST_KEY_UILaunchStoryboardName = LaunchScreen;
				INFOPLIST_KEY_UIMainStoryboardFile = Main;
				INFOPLIST_KEY_UISupportedInterfaceOrientations_iPad = "UIInterfaceOrientationPortrait UIInterfaceOrientationPortraitUpsideDown UIInterfaceOrientationLandscapeLeft UIInterfaceOrientationLandscapeRight";
				INFOPLIST_KEY_UISupportedInterfaceOrientations_iPhone = "UIInterfaceOrientationPortrait UIInterfaceOrientationLandscapeLeft UIInterfaceOrientationLandscapeRight";
				LD_RUNPATH_SEARCH_PATHS = (
					"$(inherited)",
					"@executable_path/Frameworks",
				);
				MARKETING_VERSION = 1.0;
				PRODUCT_BUNDLE_IDENTIFIER = com.tests.Counter;
				PRODUCT_NAME = "$(TARGET_NAME)";
				SWIFT_EMIT_LOC_STRINGS = YES;
				SWIFT_VERSION = 5.0;
				TARGETED_DEVICE_FAMILY = "1,2";
			};
			name = Release;
		};
		6D81DE1C2B5CAF6500F21823 /* Debug */ = {
			isa = XCBuildConfiguration;
			buildSettings = {
				ALWAYS_EMBED_SWIFT_STANDARD_LIBRARIES = YES;
				BUNDLE_LOADER = "$(TEST_HOST)";
				CODE_SIGN_STYLE = Automatic;
				CURRENT_PROJECT_VERSION = 1;
				GENERATE_INFOPLIST_FILE = YES;
				IPHONEOS_DEPLOYMENT_TARGET = 17.0;
				MARKETING_VERSION = 1.0;
				PRODUCT_BUNDLE_IDENTIFIER = com.tests.CounterTests;
				PRODUCT_NAME = "$(TARGET_NAME)";
				SWIFT_EMIT_LOC_STRINGS = NO;
				SWIFT_VERSION = 5.0;
				TARGETED_DEVICE_FAMILY = "1,2";
				TEST_HOST = "$(BUILT_PRODUCTS_DIR)/Counter.app/$(BUNDLE_EXECUTABLE_FOLDER_PATH)/Counter";
			};
			name = Debug;
		};
		6D81DE1D2B5CAF6500F21823 /* Release */ = {
			isa = XCBuildConfiguration;
			buildSettings = {
				ALWAYS_EMBED_SWIFT_STANDARD_LIBRARIES = YES;
				BUNDLE_LOADER = "$(TEST_HOST)";
				CODE_SIGN_STYLE = Automatic;
				CURRENT_PROJECT_VERSION = 1;
				GENERATE_INFOPLIST_FILE = YES;
				IPHONEOS_DEPLOYMENT_TARGET = 17.0;
				MARKETING_VERSION = 1.0;
				PRODUCT_BUNDLE_IDENTIFIER = com.tests.CounterTests;
				PRODUCT_NAME = "$(TARGET_NAME)";
				SWIFT_EMIT_LOC_STRINGS = NO;
				SWIFT_VERSION = 5.0;
				TARGETED_DEVICE_FAMILY = "1,2";
				TEST_HOST = "$(BUILT_PRODUCTS_DIR)/Counter.app/$(BUNDLE_EXECUTABLE_FOLDER_PATH)/Counter";
			};
			name = Release;
		};
		6D81DE1F2B5CAF6500F21823 /* Debug */ = {
			isa = XCBuildConfiguration;
			buildSettings = {
				ALWAYS_EMBED_SWIFT_STANDARD_LIBRARIES = YES;
				CODE_SIGN_STYLE = Automatic;
				CURRENT_PROJECT_VERSION = 1;
				GENERATE_INFOPLIST_FILE = YES;
				MARKETING_VERSION = 1.0;
				PRODUCT_BUNDLE_IDENTIFIER = com.tests.CounterUITests;
				PRODUCT_NAME = "$(TARGET_NAME)";
				SWIFT_EMIT_LOC_STRINGS = NO;
				SWIFT_VERSION = 5.0;
				TARGETED_DEVICE_FAMILY = "1,2";
				TEST_TARGET_NAME = Counter;
			};
			name = Debug;
		};
		6D81DE202B5CAF6500F21823 /* Release */ = {
			isa = XCBuildConfiguration;
			buildSettings = {
				ALWAYS_EMBED_SWIFT_STANDARD_LIBRARIES = YES;
				CODE_SIGN_STYLE = Automatic;
				CURRENT_PROJECT_VERSION = 1;
				GENERATE_INFOPLIST_FILE = YES;
				MARKETING_VERSION = 1.0;
				PRODUCT_BUNDLE_IDENTIFIER = com.tests.CounterUITests;
				PRODUCT_NAME = "$(TARGET_NAME)";
				SWIFT_EMIT_LOC_STRINGS = NO;
				SWIFT_VERSION = 5.0;
				TARGETED_DEVICE_FAMILY = "1,2";
				TEST_TARGET_NAME = Counter;
			};
			name = Release;
		};
/* End XCBuildConfiguration section */

/* Begin XCConfigurationList section */
		6D81DDE92B5CAF6300F21823 /* Build configuration list for PBXProject "Counter" */ = {
			isa = XCConfigurationList;
			buildConfigurations = (
				6D81DE162B5CAF6500F21823 /* Debug */,
				6D81DE172B5CAF6500F21823 /* Release */,
			);
			defaultConfigurationIsVisible = 0;
			defaultConfigurationName = Release;
		};
		6D81DE182B5CAF6500F21823 /* Build configuration list for PBXNativeTarget "Counter" */ = {
			isa = XCConfigurationList;
			buildConfigurations = (
				6D81DE192B5CAF6500F21823 /* Debug */,
				6D81DE1A2B5CAF6500F21823 /* Release */,
			);
			defaultConfigurationIsVisible = 0;
			defaultConfigurationName = Release;
		};
		6D81DE1B2B5CAF6500F21823 /* Build configuration list for PBXNativeTarget "CounterTests" */ = {
			isa = XCConfigurationList;
			buildConfigurations = (
				6D81DE1C2B5CAF6500F21823 /* Debug */,
				6D81DE1D2B5CAF6500F21823 /* Release */,
			);
			defaultConfigurationIsVisible = 0;
			defaultConfigurationName = Release;
		};
		6D81DE1E2B5CAF6500F21823 /* Build configuration list for PBXNativeTarget "CounterUITests" */ = {
			isa = XCConfigurationList;
			buildConfigurations = (
				6D81DE1F2B5CAF6500F21823 /* Debug */,
				6D81DE202B5CAF6500F21823 /* Release */,
			);
			defaultConfigurationIsVisible = 0;
			defaultConfigurationName = Release;
		};
/* End XCConfigurationList section */
	};
	rootObject = 6D81DDE62B5CAF6300F21823 /* Project object */;
}
